
Microsoft Visual Studio Solution File, Format Version 12.00
# Visual Studio 15
VisualStudioVersion = 15.0.27428.1
MinimumVisualStudioVersion = 10.0.40219.1
Project("{2150E333-8FDC-42A3-9474-1A3956D46DE8}") = "hub", "hub", "{34DAEE1A-E6E8-4059-9142-BF0170F3EAA8}"
EndProject
Project("{9A19103F-16F7-4668-BE54-9A1E7A4F7556}") = "Microsoft.Azure.Devices.Edge.Hub.Amqp", "..\..\..\internal\Azure-IoT-Edge-Core\edge-hub\src\Microsoft.Azure.Devices.Edge.Hub.Amqp\Microsoft.Azure.Devices.Edge.Hub.Amqp.csproj", "{123E0E0F-3CAC-4095-B008-848F32A59C38}"
EndProject
Project("{9A19103F-16F7-4668-BE54-9A1E7A4F7556}") = "Microsoft.Azure.Devices.Edge.Hub.CloudProxy", "..\..\..\internal\Azure-IoT-Edge-Core\edge-hub\src\Microsoft.Azure.Devices.Edge.Hub.CloudProxy\Microsoft.Azure.Devices.Edge.Hub.CloudProxy.csproj", "{8FE13603-2BC1-4FB0-A133-C3798142D34F}"
EndProject
Project("{9A19103F-16F7-4668-BE54-9A1E7A4F7556}") = "Microsoft.Azure.Devices.Edge.Hub.Core", "..\..\..\internal\Azure-IoT-Edge-Core\edge-hub\src\Microsoft.Azure.Devices.Edge.Hub.Core\Microsoft.Azure.Devices.Edge.Hub.Core.csproj", "{D7C84729-E69C-4A38-918C-5779A1526944}"
EndProject
Project("{9A19103F-16F7-4668-BE54-9A1E7A4F7556}") = "Microsoft.Azure.Devices.Edge.Hub.Http", "..\..\..\internal\Azure-IoT-Edge-Core\edge-hub\src\Microsoft.Azure.Devices.Edge.Hub.Http\Microsoft.Azure.Devices.Edge.Hub.Http.csproj", "{79B9C8EB-90C8-44D9-ABA5-11D5E1D9A6E7}"
EndProject
Project("{9A19103F-16F7-4668-BE54-9A1E7A4F7556}") = "Microsoft.Azure.Devices.Edge.Hub.Mqtt", "..\..\..\internal\Azure-IoT-Edge-Core\edge-hub\src\Microsoft.Azure.Devices.Edge.Hub.Mqtt\Microsoft.Azure.Devices.Edge.Hub.Mqtt.csproj", "{F730FC73-73CE-4F74-AD7A-B588ED6CD500}"
EndProject
Project("{9A19103F-16F7-4668-BE54-9A1E7A4F7556}") = "Microsoft.Azure.Devices.Edge.Hub.Service", "..\..\..\internal\Azure-IoT-Edge-Core\edge-hub\src\Microsoft.Azure.Devices.Edge.Hub.Service\Microsoft.Azure.Devices.Edge.Hub.Service.csproj", "{B4E19618-6684-44E0-B311-507072F7CC73}"
EndProject
Project("{9A19103F-16F7-4668-BE54-9A1E7A4F7556}") = "Microsoft.Azure.Devices.Routing.Core", "..\..\..\internal\Azure-IoT-Edge-Core\edge-hub\src\Microsoft.Azure.Devices.Routing.Core\Microsoft.Azure.Devices.Routing.Core.csproj", "{E1AA7C66-0FF7-4460-9573-3A89823C82E1}"
EndProject
Project("{9A19103F-16F7-4668-BE54-9A1E7A4F7556}") = "Microsoft.Azure.Devices.Edge.Util", "..\..\..\internal\Azure-IoT-Edge-Core\edge-util\src\Microsoft.Azure.Devices.Edge.Util\Microsoft.Azure.Devices.Edge.Util.csproj", "{136C3FE6-B339-4BC1-ABE7-0CAF4E8B2207}"
EndProject
Project("{9A19103F-16F7-4668-BE54-9A1E7A4F7556}") = "Microsoft.Azure.Devices.Edge.Storage", "..\..\..\internal\Azure-IoT-Edge-Core\edge-util\src\Microsoft.Azure.Devices.Edge.Storage\Microsoft.Azure.Devices.Edge.Storage.csproj", "{FADB4DA5-7927-4505-AE23-09481B221FED}"
EndProject
Project("{9A19103F-16F7-4668-BE54-9A1E7A4F7556}") = "Microsoft.Azure.Devices.Edge.Storage.RocksDb", "..\..\..\internal\Azure-IoT-Edge-Core\edge-util\src\Microsoft.Azure.Devices.Edge.Storage.RocksDb\Microsoft.Azure.Devices.Edge.Storage.RocksDb.csproj", "{6AF2C7B5-C749-47B0-BDE7-55F57C70E961}"
EndProject
Project("{9A19103F-16F7-4668-BE54-9A1E7A4F7556}") = "Microsoft.Azure.Devices.Edge.Agent.Core", "..\..\..\internal\Azure-IoT-Edge-Core\edge-agent\src\Microsoft.Azure.Devices.Edge.Agent.Core\Microsoft.Azure.Devices.Edge.Agent.Core.csproj", "{4765DE78-0E50-4F41-9603-8B598A56D4C4}"
EndProject
Project("{9A19103F-16F7-4668-BE54-9A1E7A4F7556}") = "Microsoft.Azure.IoT.TypeEdge", "Microsoft.Azure.IoT.TypeEdge\Microsoft.Azure.IoT.TypeEdge.csproj", "{54587D56-7C22-4084-9321-84D57C2F6ECB}"
EndProject
Project("{2150E333-8FDC-42A3-9474-1A3956D46DE8}") = "ThermostatApplication", "ThermostatApplication", "{2E4AF4B3-04D0-4950-979B-B04052B8E20A}"
EndProject
Project("{9A19103F-16F7-4668-BE54-9A1E7A4F7556}") = "ThermostatApplication.Shared", "ThermostatApplication.Shared\ThermostatApplication.Shared.csproj", "{CB2C4940-747F-4C45-9EA8-4C98F7F3AD41}"
EndProject
Project("{2150E333-8FDC-42A3-9474-1A3956D46DE8}") = "Modules", "Modules", "{40D0EFBC-3D80-42C8-9623-B9CAD4B96EFF}"
EndProject
Project("{9A19103F-16F7-4668-BE54-9A1E7A4F7556}") = "TemperatureModule", "TemperatureModule\TemperatureModule.csproj", "{2B79BE65-8725-42FE-9F63-BC1797080E70}"
EndProject
Project("{9A19103F-16F7-4668-BE54-9A1E7A4F7556}") = "NormalizeTemperatureModule", "NormalizeTemperatureModule\NormalizeTemperatureModule.csproj", "{A55A00B6-BABA-414D-A38F-C4CAB4B9331B}"
EndProject
Project("{9A19103F-16F7-4668-BE54-9A1E7A4F7556}") = "Microsoft.Azure.IoT.TypeEdge.Host", "Microsoft.Azure.IoT.TypeEdge.Host\Microsoft.Azure.IoT.TypeEdge.Host.csproj", "{6F13F88C-B271-4DA6-9A35-5FD7FEADD3A3}"
EndProject
Project("{9A19103F-16F7-4668-BE54-9A1E7A4F7556}") = "ThermostatApplication", "ThermostatApplication\ThermostatApplication.csproj", "{F8B81ADF-FA96-4E5B-95D9-D87B033EBBD9}"
EndProject
Project("{2150E333-8FDC-42A3-9474-1A3956D46DE8}") = "Scripts", "Scripts", "{1CB9DC2B-746F-4773-ADBC-BB2C8C1C8B89}"
	ProjectSection(SolutionItems) = preProject
		..\..\..\..\Users\spyrosg\Downloads\nuget.exe = ..\..\..\..\Users\spyrosg\Downloads\nuget.exe
	EndProjectSection
EndProject
Global
	GlobalSection(SolutionConfigurationPlatforms) = preSolution
		CodeCoverage|Any CPU = CodeCoverage|Any CPU
		Debug|Any CPU = Debug|Any CPU
		Release|Any CPU = Release|Any CPU
	EndGlobalSection
	GlobalSection(ProjectConfigurationPlatforms) = postSolution
		{123E0E0F-3CAC-4095-B008-848F32A59C38}.CodeCoverage|Any CPU.ActiveCfg = CodeCoverage|Any CPU
		{123E0E0F-3CAC-4095-B008-848F32A59C38}.CodeCoverage|Any CPU.Build.0 = CodeCoverage|Any CPU
		{123E0E0F-3CAC-4095-B008-848F32A59C38}.Debug|Any CPU.ActiveCfg = Debug|Any CPU
		{123E0E0F-3CAC-4095-B008-848F32A59C38}.Debug|Any CPU.Build.0 = Debug|Any CPU
		{123E0E0F-3CAC-4095-B008-848F32A59C38}.Release|Any CPU.ActiveCfg = Release|Any CPU
		{123E0E0F-3CAC-4095-B008-848F32A59C38}.Release|Any CPU.Build.0 = Release|Any CPU
		{8FE13603-2BC1-4FB0-A133-C3798142D34F}.CodeCoverage|Any CPU.ActiveCfg = CodeCoverage|Any CPU
		{8FE13603-2BC1-4FB0-A133-C3798142D34F}.CodeCoverage|Any CPU.Build.0 = CodeCoverage|Any CPU
		{8FE13603-2BC1-4FB0-A133-C3798142D34F}.Debug|Any CPU.ActiveCfg = Debug|Any CPU
		{8FE13603-2BC1-4FB0-A133-C3798142D34F}.Debug|Any CPU.Build.0 = Debug|Any CPU
		{8FE13603-2BC1-4FB0-A133-C3798142D34F}.Release|Any CPU.ActiveCfg = Release|Any CPU
		{8FE13603-2BC1-4FB0-A133-C3798142D34F}.Release|Any CPU.Build.0 = Release|Any CPU
		{D7C84729-E69C-4A38-918C-5779A1526944}.CodeCoverage|Any CPU.ActiveCfg = CodeCoverage|Any CPU
		{D7C84729-E69C-4A38-918C-5779A1526944}.CodeCoverage|Any CPU.Build.0 = CodeCoverage|Any CPU
		{D7C84729-E69C-4A38-918C-5779A1526944}.Debug|Any CPU.ActiveCfg = Debug|Any CPU
		{D7C84729-E69C-4A38-918C-5779A1526944}.Debug|Any CPU.Build.0 = Debug|Any CPU
		{D7C84729-E69C-4A38-918C-5779A1526944}.Release|Any CPU.ActiveCfg = Release|Any CPU
		{D7C84729-E69C-4A38-918C-5779A1526944}.Release|Any CPU.Build.0 = Release|Any CPU
		{79B9C8EB-90C8-44D9-ABA5-11D5E1D9A6E7}.CodeCoverage|Any CPU.ActiveCfg = CodeCoverage|Any CPU
		{79B9C8EB-90C8-44D9-ABA5-11D5E1D9A6E7}.CodeCoverage|Any CPU.Build.0 = CodeCoverage|Any CPU
		{79B9C8EB-90C8-44D9-ABA5-11D5E1D9A6E7}.Debug|Any CPU.ActiveCfg = Debug|Any CPU
		{79B9C8EB-90C8-44D9-ABA5-11D5E1D9A6E7}.Debug|Any CPU.Build.0 = Debug|Any CPU
		{79B9C8EB-90C8-44D9-ABA5-11D5E1D9A6E7}.Release|Any CPU.ActiveCfg = Release|Any CPU
		{79B9C8EB-90C8-44D9-ABA5-11D5E1D9A6E7}.Release|Any CPU.Build.0 = Release|Any CPU
		{F730FC73-73CE-4F74-AD7A-B588ED6CD500}.CodeCoverage|Any CPU.ActiveCfg = CodeCoverage|Any CPU
		{F730FC73-73CE-4F74-AD7A-B588ED6CD500}.CodeCoverage|Any CPU.Build.0 = CodeCoverage|Any CPU
		{F730FC73-73CE-4F74-AD7A-B588ED6CD500}.Debug|Any CPU.ActiveCfg = Debug|Any CPU
		{F730FC73-73CE-4F74-AD7A-B588ED6CD500}.Debug|Any CPU.Build.0 = Debug|Any CPU
		{F730FC73-73CE-4F74-AD7A-B588ED6CD500}.Release|Any CPU.ActiveCfg = Release|Any CPU
		{F730FC73-73CE-4F74-AD7A-B588ED6CD500}.Release|Any CPU.Build.0 = Release|Any CPU
		{B4E19618-6684-44E0-B311-507072F7CC73}.CodeCoverage|Any CPU.ActiveCfg = CodeCoverage|Any CPU
		{B4E19618-6684-44E0-B311-507072F7CC73}.CodeCoverage|Any CPU.Build.0 = CodeCoverage|Any CPU
		{B4E19618-6684-44E0-B311-507072F7CC73}.Debug|Any CPU.ActiveCfg = Debug|Any CPU
		{B4E19618-6684-44E0-B311-507072F7CC73}.Debug|Any CPU.Build.0 = Debug|Any CPU
		{B4E19618-6684-44E0-B311-507072F7CC73}.Release|Any CPU.ActiveCfg = Release|Any CPU
		{B4E19618-6684-44E0-B311-507072F7CC73}.Release|Any CPU.Build.0 = Release|Any CPU
		{E1AA7C66-0FF7-4460-9573-3A89823C82E1}.CodeCoverage|Any CPU.ActiveCfg = CodeCoverage|Any CPU
		{E1AA7C66-0FF7-4460-9573-3A89823C82E1}.CodeCoverage|Any CPU.Build.0 = CodeCoverage|Any CPU
		{E1AA7C66-0FF7-4460-9573-3A89823C82E1}.Debug|Any CPU.ActiveCfg = Debug|Any CPU
		{E1AA7C66-0FF7-4460-9573-3A89823C82E1}.Debug|Any CPU.Build.0 = Debug|Any CPU
		{E1AA7C66-0FF7-4460-9573-3A89823C82E1}.Release|Any CPU.ActiveCfg = Release|Any CPU
		{E1AA7C66-0FF7-4460-9573-3A89823C82E1}.Release|Any CPU.Build.0 = Release|Any CPU
		{136C3FE6-B339-4BC1-ABE7-0CAF4E8B2207}.CodeCoverage|Any CPU.ActiveCfg = CodeCoverage|Any CPU
		{136C3FE6-B339-4BC1-ABE7-0CAF4E8B2207}.CodeCoverage|Any CPU.Build.0 = CodeCoverage|Any CPU
		{136C3FE6-B339-4BC1-ABE7-0CAF4E8B2207}.Debug|Any CPU.ActiveCfg = Debug|Any CPU
		{136C3FE6-B339-4BC1-ABE7-0CAF4E8B2207}.Debug|Any CPU.Build.0 = Debug|Any CPU
		{136C3FE6-B339-4BC1-ABE7-0CAF4E8B2207}.Release|Any CPU.ActiveCfg = Release|Any CPU
		{136C3FE6-B339-4BC1-ABE7-0CAF4E8B2207}.Release|Any CPU.Build.0 = Release|Any CPU
		{FADB4DA5-7927-4505-AE23-09481B221FED}.CodeCoverage|Any CPU.ActiveCfg = CodeCoverage|Any CPU
		{FADB4DA5-7927-4505-AE23-09481B221FED}.CodeCoverage|Any CPU.Build.0 = CodeCoverage|Any CPU
		{FADB4DA5-7927-4505-AE23-09481B221FED}.Debug|Any CPU.ActiveCfg = Debug|Any CPU
		{FADB4DA5-7927-4505-AE23-09481B221FED}.Debug|Any CPU.Build.0 = Debug|Any CPU
		{FADB4DA5-7927-4505-AE23-09481B221FED}.Release|Any CPU.ActiveCfg = Release|Any CPU
		{FADB4DA5-7927-4505-AE23-09481B221FED}.Release|Any CPU.Build.0 = Release|Any CPU
		{6AF2C7B5-C749-47B0-BDE7-55F57C70E961}.CodeCoverage|Any CPU.ActiveCfg = CodeCoverage|Any CPU
		{6AF2C7B5-C749-47B0-BDE7-55F57C70E961}.CodeCoverage|Any CPU.Build.0 = CodeCoverage|Any CPU
		{6AF2C7B5-C749-47B0-BDE7-55F57C70E961}.Debug|Any CPU.ActiveCfg = Debug|Any CPU
		{6AF2C7B5-C749-47B0-BDE7-55F57C70E961}.Debug|Any CPU.Build.0 = Debug|Any CPU
		{6AF2C7B5-C749-47B0-BDE7-55F57C70E961}.Release|Any CPU.ActiveCfg = Release|Any CPU
		{6AF2C7B5-C749-47B0-BDE7-55F57C70E961}.Release|Any CPU.Build.0 = Release|Any CPU
		{4765DE78-0E50-4F41-9603-8B598A56D4C4}.CodeCoverage|Any CPU.ActiveCfg = CodeCoverage|Any CPU
		{4765DE78-0E50-4F41-9603-8B598A56D4C4}.CodeCoverage|Any CPU.Build.0 = CodeCoverage|Any CPU
		{4765DE78-0E50-4F41-9603-8B598A56D4C4}.Debug|Any CPU.ActiveCfg = Debug|Any CPU
		{4765DE78-0E50-4F41-9603-8B598A56D4C4}.Debug|Any CPU.Build.0 = Debug|Any CPU
		{4765DE78-0E50-4F41-9603-8B598A56D4C4}.Release|Any CPU.ActiveCfg = Release|Any CPU
		{4765DE78-0E50-4F41-9603-8B598A56D4C4}.Release|Any CPU.Build.0 = Release|Any CPU
		{54587D56-7C22-4084-9321-84D57C2F6ECB}.CodeCoverage|Any CPU.ActiveCfg = Debug|Any CPU
		{54587D56-7C22-4084-9321-84D57C2F6ECB}.CodeCoverage|Any CPU.Build.0 = Debug|Any CPU
		{54587D56-7C22-4084-9321-84D57C2F6ECB}.Debug|Any CPU.ActiveCfg = Debug|Any CPU
		{54587D56-7C22-4084-9321-84D57C2F6ECB}.Debug|Any CPU.Build.0 = Debug|Any CPU
		{54587D56-7C22-4084-9321-84D57C2F6ECB}.Release|Any CPU.ActiveCfg = Release|Any CPU
		{54587D56-7C22-4084-9321-84D57C2F6ECB}.Release|Any CPU.Build.0 = Release|Any CPU
		{CB2C4940-747F-4C45-9EA8-4C98F7F3AD41}.CodeCoverage|Any CPU.ActiveCfg = Debug|Any CPU
		{CB2C4940-747F-4C45-9EA8-4C98F7F3AD41}.CodeCoverage|Any CPU.Build.0 = Debug|Any CPU
		{CB2C4940-747F-4C45-9EA8-4C98F7F3AD41}.Debug|Any CPU.ActiveCfg = Debug|Any CPU
		{CB2C4940-747F-4C45-9EA8-4C98F7F3AD41}.Debug|Any CPU.Build.0 = Debug|Any CPU
		{CB2C4940-747F-4C45-9EA8-4C98F7F3AD41}.Release|Any CPU.ActiveCfg = Release|Any CPU
		{CB2C4940-747F-4C45-9EA8-4C98F7F3AD41}.Release|Any CPU.Build.0 = Release|Any CPU
		{2B79BE65-8725-42FE-9F63-BC1797080E70}.CodeCoverage|Any CPU.ActiveCfg = Debug|Any CPU
		{2B79BE65-8725-42FE-9F63-BC1797080E70}.CodeCoverage|Any CPU.Build.0 = Debug|Any CPU
		{2B79BE65-8725-42FE-9F63-BC1797080E70}.Debug|Any CPU.ActiveCfg = Debug|Any CPU
		{2B79BE65-8725-42FE-9F63-BC1797080E70}.Debug|Any CPU.Build.0 = Debug|Any CPU
		{2B79BE65-8725-42FE-9F63-BC1797080E70}.Release|Any CPU.ActiveCfg = Release|Any CPU
		{2B79BE65-8725-42FE-9F63-BC1797080E70}.Release|Any CPU.Build.0 = Release|Any CPU
		{A55A00B6-BABA-414D-A38F-C4CAB4B9331B}.CodeCoverage|Any CPU.ActiveCfg = Debug|Any CPU
		{A55A00B6-BABA-414D-A38F-C4CAB4B9331B}.CodeCoverage|Any CPU.Build.0 = Debug|Any CPU
		{A55A00B6-BABA-414D-A38F-C4CAB4B9331B}.Debug|Any CPU.ActiveCfg = Debug|Any CPU
		{A55A00B6-BABA-414D-A38F-C4CAB4B9331B}.Debug|Any CPU.Build.0 = Debug|Any CPU
		{A55A00B6-BABA-414D-A38F-C4CAB4B9331B}.Release|Any CPU.ActiveCfg = Release|Any CPU
		{A55A00B6-BABA-414D-A38F-C4CAB4B9331B}.Release|Any CPU.Build.0 = Release|Any CPU
		{6F13F88C-B271-4DA6-9A35-5FD7FEADD3A3}.CodeCoverage|Any CPU.ActiveCfg = Debug|Any CPU
		{6F13F88C-B271-4DA6-9A35-5FD7FEADD3A3}.CodeCoverage|Any CPU.Build.0 = Debug|Any CPU
		{6F13F88C-B271-4DA6-9A35-5FD7FEADD3A3}.Debug|Any CPU.ActiveCfg = Debug|Any CPU
		{6F13F88C-B271-4DA6-9A35-5FD7FEADD3A3}.Debug|Any CPU.Build.0 = Debug|Any CPU
		{6F13F88C-B271-4DA6-9A35-5FD7FEADD3A3}.Release|Any CPU.ActiveCfg = Release|Any CPU
		{6F13F88C-B271-4DA6-9A35-5FD7FEADD3A3}.Release|Any CPU.Build.0 = Release|Any CPU
		{F8B81ADF-FA96-4E5B-95D9-D87B033EBBD9}.CodeCoverage|Any CPU.ActiveCfg = Debug|Any CPU
		{F8B81ADF-FA96-4E5B-95D9-D87B033EBBD9}.CodeCoverage|Any CPU.Build.0 = Debug|Any CPU
		{F8B81ADF-FA96-4E5B-95D9-D87B033EBBD9}.Debug|Any CPU.ActiveCfg = Debug|Any CPU
		{F8B81ADF-FA96-4E5B-95D9-D87B033EBBD9}.Debug|Any CPU.Build.0 = Debug|Any CPU
		{F8B81ADF-FA96-4E5B-95D9-D87B033EBBD9}.Release|Any CPU.ActiveCfg = Release|Any CPU
		{F8B81ADF-FA96-4E5B-95D9-D87B033EBBD9}.Release|Any CPU.Build.0 = Release|Any CPU
	EndGlobalSection
	GlobalSection(SolutionProperties) = preSolution
		HideSolutionNode = FALSE
	EndGlobalSection
	GlobalSection(NestedProjects) = preSolution
		{123E0E0F-3CAC-4095-B008-848F32A59C38} = {34DAEE1A-E6E8-4059-9142-BF0170F3EAA8}
		{8FE13603-2BC1-4FB0-A133-C3798142D34F} = {34DAEE1A-E6E8-4059-9142-BF0170F3EAA8}
		{D7C84729-E69C-4A38-918C-5779A1526944} = {34DAEE1A-E6E8-4059-9142-BF0170F3EAA8}
		{79B9C8EB-90C8-44D9-ABA5-11D5E1D9A6E7} = {34DAEE1A-E6E8-4059-9142-BF0170F3EAA8}
		{F730FC73-73CE-4F74-AD7A-B588ED6CD500} = {34DAEE1A-E6E8-4059-9142-BF0170F3EAA8}
		{B4E19618-6684-44E0-B311-507072F7CC73} = {34DAEE1A-E6E8-4059-9142-BF0170F3EAA8}
		{E1AA7C66-0FF7-4460-9573-3A89823C82E1} = {34DAEE1A-E6E8-4059-9142-BF0170F3EAA8}
		{136C3FE6-B339-4BC1-ABE7-0CAF4E8B2207} = {34DAEE1A-E6E8-4059-9142-BF0170F3EAA8}
		{FADB4DA5-7927-4505-AE23-09481B221FED} = {34DAEE1A-E6E8-4059-9142-BF0170F3EAA8}
		{6AF2C7B5-C749-47B0-BDE7-55F57C70E961} = {34DAEE1A-E6E8-4059-9142-BF0170F3EAA8}
		{4765DE78-0E50-4F41-9603-8B598A56D4C4} = {34DAEE1A-E6E8-4059-9142-BF0170F3EAA8}
		{CB2C4940-747F-4C45-9EA8-4C98F7F3AD41} = {2E4AF4B3-04D0-4950-979B-B04052B8E20A}
		{40D0EFBC-3D80-42C8-9623-B9CAD4B96EFF} = {2E4AF4B3-04D0-4950-979B-B04052B8E20A}
		{2B79BE65-8725-42FE-9F63-BC1797080E70} = {40D0EFBC-3D80-42C8-9623-B9CAD4B96EFF}
		{A55A00B6-BABA-414D-A38F-C4CAB4B9331B} = {40D0EFBC-3D80-42C8-9623-B9CAD4B96EFF}
		{F8B81ADF-FA96-4E5B-95D9-D87B033EBBD9} = {2E4AF4B3-04D0-4950-979B-B04052B8E20A}
	EndGlobalSection
	GlobalSection(ExtensibilityGlobals) = postSolution
		SolutionGuid = {114E5850-267D-4B44-ACD5-91ACA382DDBC}
	EndGlobalSection
EndGlobal
