
Microsoft Visual Studio Solution File, Format Version 12.00
# Visual Studio 15
VisualStudioVersion = 15.0.27428.1
MinimumVisualStudioVersion = 10.0.40219.1
Project("{9A19103F-16F7-4668-BE54-9A1E7A4F7556}") = "Microsoft.Azure.IoT.TypeEdge", "Microsoft.Azure.IoT.TypeEdge\Microsoft.Azure.IoT.TypeEdge.csproj", "{54587D56-7C22-4084-9321-84D57C2F6ECB}"
EndProject
Project("{9A19103F-16F7-4668-BE54-9A1E7A4F7556}") = "Microsoft.Azure.IoT.TypeEdge.Host", "Microsoft.Azure.IoT.TypeEdge.Host\Microsoft.Azure.IoT.TypeEdge.Host.csproj", "{6F13F88C-B271-4DA6-9A35-5FD7FEADD3A3}"
EndProject
Project("{2150E333-8FDC-42A3-9474-1A3956D46DE8}") = "Example", "Example", "{C865B730-A5A7-4738-9F6E-CBC7AA306467}"
EndProject
Project("{2150E333-8FDC-42A3-9474-1A3956D46DE8}") = "Modules", "Modules", "{F2FF1756-9AAF-411B-8B54-3829EAC21515}"
EndProject
Project("{9A19103F-16F7-4668-BE54-9A1E7A4F7556}") = "TemperatureModule", "Example\Modules\TemperatureModule\TemperatureModule.csproj", "{48302C68-971D-414F-A29D-742F79415D74}"
EndProject
Project("{9A19103F-16F7-4668-BE54-9A1E7A4F7556}") = "NormalizeTemperatureModule", "Example\Modules\NormalizeTemperatureModule\NormalizeTemperatureModule.csproj", "{30A335A6-47C9-435A-BA23-50988EAF2C33}"
EndProject
Project("{9A19103F-16F7-4668-BE54-9A1E7A4F7556}") = "Thermostat.Shared", "Example\Thermostat.Shared\Thermostat.Shared.csproj", "{45F97F43-7C75-49B8-8525-7F0E9C7B9FB7}"
EndProject
Project("{9A19103F-16F7-4668-BE54-9A1E7A4F7556}") = "Thermostat.Emulator", "Example\Thermostat.Emulator\Thermostat.Emulator.csproj", "{2076DDEF-8EE3-4BC1-BF79-1C1F62A8719D}"
EndProject
Project("{9A19103F-16F7-4668-BE54-9A1E7A4F7556}") = "Thermostat.ServiceApp", "Example\Thermostat.ServiceApp\Thermostat.ServiceApp.csproj", "{286CDAA1-5410-4322-AC1C-F35A83CDA63D}"
EndProject
Project("{9A19103F-16F7-4668-BE54-9A1E7A4F7556}") = "Microsoft.Azure.IoT.TypeEdge.Proxy", "Microsoft.Azure.IoT.TypeEdge.Proxy\Microsoft.Azure.IoT.TypeEdge.Proxy.csproj", "{E738845B-4D98-4CB9-BDA4-F83193FE81B5}"
EndProject
Global
	GlobalSection(SolutionConfigurationPlatforms) = preSolution
		CodeCoverage|Any CPU = CodeCoverage|Any CPU
		Debug|Any CPU = Debug|Any CPU
		Release|Any CPU = Release|Any CPU
		TemplateDevelopment|Any CPU = TemplateDevelopment|Any CPU
	EndGlobalSection
	GlobalSection(ProjectConfigurationPlatforms) = postSolution
		{54587D56-7C22-4084-9321-84D57C2F6ECB}.CodeCoverage|Any CPU.ActiveCfg = Debug|Any CPU
		{54587D56-7C22-4084-9321-84D57C2F6ECB}.CodeCoverage|Any CPU.Build.0 = Debug|Any CPU
		{54587D56-7C22-4084-9321-84D57C2F6ECB}.Debug|Any CPU.ActiveCfg = Debug|Any CPU
		{54587D56-7C22-4084-9321-84D57C2F6ECB}.Debug|Any CPU.Build.0 = Debug|Any CPU
		{54587D56-7C22-4084-9321-84D57C2F6ECB}.Release|Any CPU.ActiveCfg = Release|Any CPU
		{54587D56-7C22-4084-9321-84D57C2F6ECB}.Release|Any CPU.Build.0 = Release|Any CPU
		{54587D56-7C22-4084-9321-84D57C2F6ECB}.TemplateDevelopment|Any CPU.ActiveCfg = TemplateDevelopment|Any CPU
		{54587D56-7C22-4084-9321-84D57C2F6ECB}.TemplateDevelopment|Any CPU.Build.0 = TemplateDevelopment|Any CPU
		{6F13F88C-B271-4DA6-9A35-5FD7FEADD3A3}.CodeCoverage|Any CPU.ActiveCfg = Debug|Any CPU
		{6F13F88C-B271-4DA6-9A35-5FD7FEADD3A3}.CodeCoverage|Any CPU.Build.0 = Debug|Any CPU
		{6F13F88C-B271-4DA6-9A35-5FD7FEADD3A3}.Debug|Any CPU.ActiveCfg = Debug|Any CPU
		{6F13F88C-B271-4DA6-9A35-5FD7FEADD3A3}.Debug|Any CPU.Build.0 = Debug|Any CPU
		{6F13F88C-B271-4DA6-9A35-5FD7FEADD3A3}.Release|Any CPU.ActiveCfg = Release|Any CPU
		{6F13F88C-B271-4DA6-9A35-5FD7FEADD3A3}.Release|Any CPU.Build.0 = Release|Any CPU
		{6F13F88C-B271-4DA6-9A35-5FD7FEADD3A3}.TemplateDevelopment|Any CPU.ActiveCfg = TemplateDevelopment|Any CPU
		{6F13F88C-B271-4DA6-9A35-5FD7FEADD3A3}.TemplateDevelopment|Any CPU.Build.0 = TemplateDevelopment|Any CPU
		{48302C68-971D-414F-A29D-742F79415D74}.CodeCoverage|Any CPU.ActiveCfg = Debug|Any CPU
		{48302C68-971D-414F-A29D-742F79415D74}.CodeCoverage|Any CPU.Build.0 = Debug|Any CPU
		{48302C68-971D-414F-A29D-742F79415D74}.Debug|Any CPU.ActiveCfg = Debug|Any CPU
		{48302C68-971D-414F-A29D-742F79415D74}.Debug|Any CPU.Build.0 = Debug|Any CPU
		{48302C68-971D-414F-A29D-742F79415D74}.Release|Any CPU.ActiveCfg = Release|Any CPU
		{48302C68-971D-414F-A29D-742F79415D74}.Release|Any CPU.Build.0 = Release|Any CPU
		{48302C68-971D-414F-A29D-742F79415D74}.TemplateDevelopment|Any CPU.ActiveCfg = TemplateDevelopment|Any CPU
		{48302C68-971D-414F-A29D-742F79415D74}.TemplateDevelopment|Any CPU.Build.0 = TemplateDevelopment|Any CPU
		{30A335A6-47C9-435A-BA23-50988EAF2C33}.CodeCoverage|Any CPU.ActiveCfg = Debug|Any CPU
		{30A335A6-47C9-435A-BA23-50988EAF2C33}.CodeCoverage|Any CPU.Build.0 = Debug|Any CPU
		{30A335A6-47C9-435A-BA23-50988EAF2C33}.Debug|Any CPU.ActiveCfg = Debug|Any CPU
		{30A335A6-47C9-435A-BA23-50988EAF2C33}.Debug|Any CPU.Build.0 = Debug|Any CPU
		{30A335A6-47C9-435A-BA23-50988EAF2C33}.Release|Any CPU.ActiveCfg = Release|Any CPU
		{30A335A6-47C9-435A-BA23-50988EAF2C33}.Release|Any CPU.Build.0 = Release|Any CPU
		{30A335A6-47C9-435A-BA23-50988EAF2C33}.TemplateDevelopment|Any CPU.ActiveCfg = TemplateDevelopment|Any CPU
		{30A335A6-47C9-435A-BA23-50988EAF2C33}.TemplateDevelopment|Any CPU.Build.0 = TemplateDevelopment|Any CPU
		{45F97F43-7C75-49B8-8525-7F0E9C7B9FB7}.CodeCoverage|Any CPU.ActiveCfg = Debug|Any CPU
		{45F97F43-7C75-49B8-8525-7F0E9C7B9FB7}.CodeCoverage|Any CPU.Build.0 = Debug|Any CPU
		{45F97F43-7C75-49B8-8525-7F0E9C7B9FB7}.Debug|Any CPU.ActiveCfg = Debug|Any CPU
		{45F97F43-7C75-49B8-8525-7F0E9C7B9FB7}.Debug|Any CPU.Build.0 = Debug|Any CPU
		{45F97F43-7C75-49B8-8525-7F0E9C7B9FB7}.Release|Any CPU.ActiveCfg = Release|Any CPU
		{45F97F43-7C75-49B8-8525-7F0E9C7B9FB7}.Release|Any CPU.Build.0 = Release|Any CPU
		{45F97F43-7C75-49B8-8525-7F0E9C7B9FB7}.TemplateDevelopment|Any CPU.ActiveCfg = TemplateDevelopment|Any CPU
		{45F97F43-7C75-49B8-8525-7F0E9C7B9FB7}.TemplateDevelopment|Any CPU.Build.0 = TemplateDevelopment|Any CPU
		{2076DDEF-8EE3-4BC1-BF79-1C1F62A8719D}.CodeCoverage|Any CPU.ActiveCfg = Debug|Any CPU
		{2076DDEF-8EE3-4BC1-BF79-1C1F62A8719D}.CodeCoverage|Any CPU.Build.0 = Debug|Any CPU
		{2076DDEF-8EE3-4BC1-BF79-1C1F62A8719D}.Debug|Any CPU.ActiveCfg = Debug|Any CPU
		{2076DDEF-8EE3-4BC1-BF79-1C1F62A8719D}.Debug|Any CPU.Build.0 = Debug|Any CPU
		{2076DDEF-8EE3-4BC1-BF79-1C1F62A8719D}.Release|Any CPU.ActiveCfg = Release|Any CPU
		{2076DDEF-8EE3-4BC1-BF79-1C1F62A8719D}.Release|Any CPU.Build.0 = Release|Any CPU
		{2076DDEF-8EE3-4BC1-BF79-1C1F62A8719D}.TemplateDevelopment|Any CPU.ActiveCfg = TemplateDevelopment|Any CPU
		{2076DDEF-8EE3-4BC1-BF79-1C1F62A8719D}.TemplateDevelopment|Any CPU.Build.0 = TemplateDevelopment|Any CPU
		{286CDAA1-5410-4322-AC1C-F35A83CDA63D}.CodeCoverage|Any CPU.ActiveCfg = Debug|Any CPU
		{286CDAA1-5410-4322-AC1C-F35A83CDA63D}.CodeCoverage|Any CPU.Build.0 = Debug|Any CPU
		{286CDAA1-5410-4322-AC1C-F35A83CDA63D}.Debug|Any CPU.ActiveCfg = Debug|Any CPU
		{286CDAA1-5410-4322-AC1C-F35A83CDA63D}.Debug|Any CPU.Build.0 = Debug|Any CPU
		{286CDAA1-5410-4322-AC1C-F35A83CDA63D}.Release|Any CPU.ActiveCfg = Release|Any CPU
		{286CDAA1-5410-4322-AC1C-F35A83CDA63D}.Release|Any CPU.Build.0 = Release|Any CPU
		{286CDAA1-5410-4322-AC1C-F35A83CDA63D}.TemplateDevelopment|Any CPU.ActiveCfg = TemplateDevelopment|Any CPU
		{286CDAA1-5410-4322-AC1C-F35A83CDA63D}.TemplateDevelopment|Any CPU.Build.0 = TemplateDevelopment|Any CPU
		{E738845B-4D98-4CB9-BDA4-F83193FE81B5}.CodeCoverage|Any CPU.ActiveCfg = Debug|Any CPU
		{E738845B-4D98-4CB9-BDA4-F83193FE81B5}.CodeCoverage|Any CPU.Build.0 = Debug|Any CPU
		{E738845B-4D98-4CB9-BDA4-F83193FE81B5}.Debug|Any CPU.ActiveCfg = Debug|Any CPU
		{E738845B-4D98-4CB9-BDA4-F83193FE81B5}.Debug|Any CPU.Build.0 = Debug|Any CPU
		{E738845B-4D98-4CB9-BDA4-F83193FE81B5}.Release|Any CPU.ActiveCfg = Release|Any CPU
		{E738845B-4D98-4CB9-BDA4-F83193FE81B5}.Release|Any CPU.Build.0 = Release|Any CPU
		{E738845B-4D98-4CB9-BDA4-F83193FE81B5}.TemplateDevelopment|Any CPU.ActiveCfg = TemplateDevelopment|Any CPU
		{E738845B-4D98-4CB9-BDA4-F83193FE81B5}.TemplateDevelopment|Any CPU.Build.0 = TemplateDevelopment|Any CPU
	EndGlobalSection
	GlobalSection(SolutionProperties) = preSolution
		HideSolutionNode = FALSE
	EndGlobalSection
	GlobalSection(NestedProjects) = preSolution
		{F2FF1756-9AAF-411B-8B54-3829EAC21515} = {C865B730-A5A7-4738-9F6E-CBC7AA306467}
		{48302C68-971D-414F-A29D-742F79415D74} = {F2FF1756-9AAF-411B-8B54-3829EAC21515}
		{30A335A6-47C9-435A-BA23-50988EAF2C33} = {F2FF1756-9AAF-411B-8B54-3829EAC21515}
		{45F97F43-7C75-49B8-8525-7F0E9C7B9FB7} = {C865B730-A5A7-4738-9F6E-CBC7AA306467}
		{2076DDEF-8EE3-4BC1-BF79-1C1F62A8719D} = {C865B730-A5A7-4738-9F6E-CBC7AA306467}
		{286CDAA1-5410-4322-AC1C-F35A83CDA63D} = {C865B730-A5A7-4738-9F6E-CBC7AA306467}
	EndGlobalSection
	GlobalSection(ExtensibilityGlobals) = postSolution
		SolutionGuid = {114E5850-267D-4B44-ACD5-91ACA382DDBC}
	EndGlobalSection
EndGlobal
