
Microsoft Visual Studio Solution File, Format Version 12.00
# Visual Studio 15
VisualStudioVersion = 15.0.27703.1
MinimumVisualStudioVersion = 10.0.40219.1
Project("{2150E333-8FDC-42A3-9474-1A3956D46DE8}") = "Modules", "Modules", "{8D822B22-E5A9-4165-B27B-458A70D2B44F}"
EndProject
Project("{E53339B2-1760-4266-BCC7-CA923CBCF16C}") = "docker-compose", "docker-compose.dcproj", "{1373DBDC-DC13-429E-8C17-2E4D85CF42BA}"
EndProject
Project("{9A19103F-16F7-4668-BE54-9A1E7A4F7556}") = "Thermostat.Emulator", "Thermostat.Emulator\Thermostat.Emulator.csproj", "{1A622C23-B9BD-4903-A28D-28B446BB358E}"
EndProject
Project("{9A19103F-16F7-4668-BE54-9A1E7A4F7556}") = "Thermostat.Shared", "Thermostat.Shared\Thermostat.Shared.csproj", "{7DB0AED8-EA6D-466E-B173-6C6BA4A692CF}"
EndProject
Project("{9A19103F-16F7-4668-BE54-9A1E7A4F7556}") = "Thermostat.ServiceApp", "Thermostat.ServiceApp\Thermostat.ServiceApp.csproj", "{258D1CCE-A112-46A2-88F1-D9BA50450C7B}"
EndProject
Project("{9A19103F-16F7-4668-BE54-9A1E7A4F7556}") = "AnomalyDetection", "Modules\AnomalyDetection\AnomalyDetection.csproj", "{D29D8C1F-EEFD-42D7-A2AA-5F8DBBF44B06}"
EndProject
Project("{9A19103F-16F7-4668-BE54-9A1E7A4F7556}") = "TemperatureSensor", "Modules\TemperatureSensor\TemperatureSensor.csproj", "{D6E0653E-E1CB-46CD-8D2B-0D6D430A5DFA}"
EndProject
Project("{9A19103F-16F7-4668-BE54-9A1E7A4F7556}") = "Visualization", "Modules\Visualization\Visualization.csproj", "{642EF44A-082E-4D03-85A0-B3FFF44CA71E}"
EndProject
Project("{9A19103F-16F7-4668-BE54-9A1E7A4F7556}") = "Orchestrator", "Modules\Orchestrator\Orchestrator.csproj", "{B0A7D3EE-A0EE-4190-B219-665AB4B6A19C}"
EndProject
Project("{9A19103F-16F7-4668-BE54-9A1E7A4F7556}") = "VisualizationWeb", "Modules\VisualizationWeb\VisualizationWeb.csproj", "{17C4E4BB-C0A9-4921-BE2B-95122644EC57}"
EndProject
Project("{9A19103F-16F7-4668-BE54-9A1E7A4F7556}") = "ModelTraining", "Modules\ModelTraining\ModelTraining.csproj", "{EB3F5486-DCBA-46B0-AEAF-40C8729F2263}"
EndProject
Global
	GlobalSection(SolutionConfigurationPlatforms) = preSolution
		Debug|Any CPU = Debug|Any CPU
		Release|Any CPU = Release|Any CPU
		TemplateDevelopment|Any CPU = TemplateDevelopment|Any CPU
	EndGlobalSection
	GlobalSection(ProjectConfigurationPlatforms) = postSolution
		{1373DBDC-DC13-429E-8C17-2E4D85CF42BA}.Debug|Any CPU.ActiveCfg = Debug|Any CPU
		{1373DBDC-DC13-429E-8C17-2E4D85CF42BA}.Debug|Any CPU.Build.0 = Debug|Any CPU
		{1373DBDC-DC13-429E-8C17-2E4D85CF42BA}.Release|Any CPU.ActiveCfg = Release|Any CPU
		{1373DBDC-DC13-429E-8C17-2E4D85CF42BA}.Release|Any CPU.Build.0 = Release|Any CPU
		{1373DBDC-DC13-429E-8C17-2E4D85CF42BA}.TemplateDevelopment|Any CPU.ActiveCfg = Release|Any CPU
		{1373DBDC-DC13-429E-8C17-2E4D85CF42BA}.TemplateDevelopment|Any CPU.Build.0 = Release|Any CPU
		{1A622C23-B9BD-4903-A28D-28B446BB358E}.Debug|Any CPU.ActiveCfg = Debug|Any CPU
		{1A622C23-B9BD-4903-A28D-28B446BB358E}.Debug|Any CPU.Build.0 = Debug|Any CPU
		{1A622C23-B9BD-4903-A28D-28B446BB358E}.Release|Any CPU.ActiveCfg = Release|Any CPU
		{1A622C23-B9BD-4903-A28D-28B446BB358E}.Release|Any CPU.Build.0 = Release|Any CPU
		{1A622C23-B9BD-4903-A28D-28B446BB358E}.TemplateDevelopment|Any CPU.ActiveCfg = TemplateDevelopment|Any CPU
		{1A622C23-B9BD-4903-A28D-28B446BB358E}.TemplateDevelopment|Any CPU.Build.0 = TemplateDevelopment|Any CPU
		{7DB0AED8-EA6D-466E-B173-6C6BA4A692CF}.Debug|Any CPU.ActiveCfg = Debug|Any CPU
		{7DB0AED8-EA6D-466E-B173-6C6BA4A692CF}.Debug|Any CPU.Build.0 = Debug|Any CPU
		{7DB0AED8-EA6D-466E-B173-6C6BA4A692CF}.Release|Any CPU.ActiveCfg = Release|Any CPU
		{7DB0AED8-EA6D-466E-B173-6C6BA4A692CF}.Release|Any CPU.Build.0 = Release|Any CPU
		{7DB0AED8-EA6D-466E-B173-6C6BA4A692CF}.TemplateDevelopment|Any CPU.ActiveCfg = TemplateDevelopment|Any CPU
		{7DB0AED8-EA6D-466E-B173-6C6BA4A692CF}.TemplateDevelopment|Any CPU.Build.0 = TemplateDevelopment|Any CPU
		{258D1CCE-A112-46A2-88F1-D9BA50450C7B}.Debug|Any CPU.ActiveCfg = Debug|Any CPU
		{258D1CCE-A112-46A2-88F1-D9BA50450C7B}.Debug|Any CPU.Build.0 = Debug|Any CPU
		{258D1CCE-A112-46A2-88F1-D9BA50450C7B}.Release|Any CPU.ActiveCfg = Release|Any CPU
		{258D1CCE-A112-46A2-88F1-D9BA50450C7B}.Release|Any CPU.Build.0 = Release|Any CPU
		{258D1CCE-A112-46A2-88F1-D9BA50450C7B}.TemplateDevelopment|Any CPU.ActiveCfg = TemplateDevelopment|Any CPU
		{258D1CCE-A112-46A2-88F1-D9BA50450C7B}.TemplateDevelopment|Any CPU.Build.0 = TemplateDevelopment|Any CPU
		{D29D8C1F-EEFD-42D7-A2AA-5F8DBBF44B06}.Debug|Any CPU.ActiveCfg = Debug|Any CPU
		{D29D8C1F-EEFD-42D7-A2AA-5F8DBBF44B06}.Debug|Any CPU.Build.0 = Debug|Any CPU
		{D29D8C1F-EEFD-42D7-A2AA-5F8DBBF44B06}.Release|Any CPU.ActiveCfg = Release|Any CPU
		{D29D8C1F-EEFD-42D7-A2AA-5F8DBBF44B06}.Release|Any CPU.Build.0 = Release|Any CPU
		{D29D8C1F-EEFD-42D7-A2AA-5F8DBBF44B06}.TemplateDevelopment|Any CPU.ActiveCfg = TemplateDevelopment|Any CPU
		{D29D8C1F-EEFD-42D7-A2AA-5F8DBBF44B06}.TemplateDevelopment|Any CPU.Build.0 = TemplateDevelopment|Any CPU
		{D6E0653E-E1CB-46CD-8D2B-0D6D430A5DFA}.Debug|Any CPU.ActiveCfg = Debug|Any CPU
		{D6E0653E-E1CB-46CD-8D2B-0D6D430A5DFA}.Debug|Any CPU.Build.0 = Debug|Any CPU
		{D6E0653E-E1CB-46CD-8D2B-0D6D430A5DFA}.Release|Any CPU.ActiveCfg = Release|Any CPU
		{D6E0653E-E1CB-46CD-8D2B-0D6D430A5DFA}.Release|Any CPU.Build.0 = Release|Any CPU
		{D6E0653E-E1CB-46CD-8D2B-0D6D430A5DFA}.TemplateDevelopment|Any CPU.ActiveCfg = TemplateDevelopment|Any CPU
		{D6E0653E-E1CB-46CD-8D2B-0D6D430A5DFA}.TemplateDevelopment|Any CPU.Build.0 = TemplateDevelopment|Any CPU
		{642EF44A-082E-4D03-85A0-B3FFF44CA71E}.Debug|Any CPU.ActiveCfg = Debug|Any CPU
		{642EF44A-082E-4D03-85A0-B3FFF44CA71E}.Debug|Any CPU.Build.0 = Debug|Any CPU
		{642EF44A-082E-4D03-85A0-B3FFF44CA71E}.Release|Any CPU.ActiveCfg = Release|Any CPU
		{642EF44A-082E-4D03-85A0-B3FFF44CA71E}.Release|Any CPU.Build.0 = Release|Any CPU
		{642EF44A-082E-4D03-85A0-B3FFF44CA71E}.TemplateDevelopment|Any CPU.ActiveCfg = TemplateDevelopment|Any CPU
		{642EF44A-082E-4D03-85A0-B3FFF44CA71E}.TemplateDevelopment|Any CPU.Build.0 = TemplateDevelopment|Any CPU
		{B0A7D3EE-A0EE-4190-B219-665AB4B6A19C}.Debug|Any CPU.ActiveCfg = Debug|Any CPU
		{B0A7D3EE-A0EE-4190-B219-665AB4B6A19C}.Debug|Any CPU.Build.0 = Debug|Any CPU
		{B0A7D3EE-A0EE-4190-B219-665AB4B6A19C}.Release|Any CPU.ActiveCfg = Release|Any CPU
		{B0A7D3EE-A0EE-4190-B219-665AB4B6A19C}.Release|Any CPU.Build.0 = Release|Any CPU
		{B0A7D3EE-A0EE-4190-B219-665AB4B6A19C}.TemplateDevelopment|Any CPU.ActiveCfg = TemplateDevelopment|Any CPU
		{B0A7D3EE-A0EE-4190-B219-665AB4B6A19C}.TemplateDevelopment|Any CPU.Build.0 = TemplateDevelopment|Any CPU
		{17C4E4BB-C0A9-4921-BE2B-95122644EC57}.Debug|Any CPU.ActiveCfg = Debug|Any CPU
		{17C4E4BB-C0A9-4921-BE2B-95122644EC57}.Debug|Any CPU.Build.0 = Debug|Any CPU
		{17C4E4BB-C0A9-4921-BE2B-95122644EC57}.Release|Any CPU.ActiveCfg = Release|Any CPU
		{17C4E4BB-C0A9-4921-BE2B-95122644EC57}.Release|Any CPU.Build.0 = Release|Any CPU
		{17C4E4BB-C0A9-4921-BE2B-95122644EC57}.TemplateDevelopment|Any CPU.ActiveCfg = Debug|Any CPU
		{17C4E4BB-C0A9-4921-BE2B-95122644EC57}.TemplateDevelopment|Any CPU.Build.0 = Debug|Any CPU
		{EB3F5486-DCBA-46B0-AEAF-40C8729F2263}.Debug|Any CPU.ActiveCfg = Debug|Any CPU
		{EB3F5486-DCBA-46B0-AEAF-40C8729F2263}.Debug|Any CPU.Build.0 = Debug|Any CPU
		{EB3F5486-DCBA-46B0-AEAF-40C8729F2263}.Release|Any CPU.ActiveCfg = Release|Any CPU
		{EB3F5486-DCBA-46B0-AEAF-40C8729F2263}.Release|Any CPU.Build.0 = Release|Any CPU
		{EB3F5486-DCBA-46B0-AEAF-40C8729F2263}.TemplateDevelopment|Any CPU.ActiveCfg = TemplateDevelopment|Any CPU
		{EB3F5486-DCBA-46B0-AEAF-40C8729F2263}.TemplateDevelopment|Any CPU.Build.0 = TemplateDevelopment|Any CPU
	EndGlobalSection
	GlobalSection(SolutionProperties) = preSolution
		HideSolutionNode = FALSE
	EndGlobalSection
	GlobalSection(NestedProjects) = preSolution
		{D29D8C1F-EEFD-42D7-A2AA-5F8DBBF44B06} = {8D822B22-E5A9-4165-B27B-458A70D2B44F}
		{D6E0653E-E1CB-46CD-8D2B-0D6D430A5DFA} = {8D822B22-E5A9-4165-B27B-458A70D2B44F}
		{642EF44A-082E-4D03-85A0-B3FFF44CA71E} = {8D822B22-E5A9-4165-B27B-458A70D2B44F}
		{B0A7D3EE-A0EE-4190-B219-665AB4B6A19C} = {8D822B22-E5A9-4165-B27B-458A70D2B44F}
		{17C4E4BB-C0A9-4921-BE2B-95122644EC57} = {8D822B22-E5A9-4165-B27B-458A70D2B44F}
		{EB3F5486-DCBA-46B0-AEAF-40C8729F2263} = {8D822B22-E5A9-4165-B27B-458A70D2B44F}
	EndGlobalSection
	GlobalSection(ExtensibilityGlobals) = postSolution
		SolutionGuid = {E7BE10A1-BBA6-43BB-BC65-A9D38A168E00}
	EndGlobalSection
EndGlobal
