
Microsoft Visual Studio Solution File, Format Version 12.00
# Visual Studio 15
VisualStudioVersion = 15.0.27703.2018
MinimumVisualStudioVersion = 10.0.40219.1
Project("{2150E333-8FDC-42A3-9474-1A3956D46DE8}") = "Modules", "Modules", "{23F98030-B6A3-4ADC-B0BE-A3F476C93E92}"
EndProject
Project("{9A19103F-16F7-4668-BE54-9A1E7A4F7556}") = "TypeEdgeModule1", "Modules\TypeEdgeModule1\TypeEdgeModule1.csproj", "{232F3A40-BC53-463E-A5F8-0A6DBE0C350A}"
EndProject
Project("{9A19103F-16F7-4668-BE54-9A1E7A4F7556}") = "TypeEdgeModule2", "Modules\TypeEdgeModule2\TypeEdgeModule2.csproj", "{B50131E0-4249-45FF-9DB4-FFFF49BD7F7E}"
EndProject
Project("{E53339B2-1760-4266-BCC7-CA923CBCF16C}") = "docker-compose", "docker-compose.dcproj", "{6603BB40-94EB-4AFC-83DE-9EF235F45237}"
EndProject
Project("{9A19103F-16F7-4668-BE54-9A1E7A4F7556}") = "TypeEdgeML.Shared", "TypeEdgeML.Shared\TypeEdgeML.Shared.csproj", "{AB453E13-5A04-43CF-9737-CACC2395A9F0}"
EndProject
Project("{9A19103F-16F7-4668-BE54-9A1E7A4F7556}") = "TypeEdgeML.Proxy", "TypeEdgeML.Proxy\TypeEdgeML.Proxy.csproj", "{37F663D9-B38F-4A8D-B0D0-C5A8FD61A0F3}"
EndProject
Project("{9A19103F-16F7-4668-BE54-9A1E7A4F7556}") = "TypeEdgeML.Emulator", "TypeEdgeML.Emulator\TypeEdgeML.Emulator.csproj", "{A9356854-EE06-4402-985E-289EDD7B0450}"
EndProject
Project("{9A19103F-16F7-4668-BE54-9A1E7A4F7556}") = "TypeEdgeModule3", "Modules\TypeEdgeModule3\TypeEdgeModule3.csproj", "{845EDC79-D3FD-4C1C-A4D2-B7D897B8AD51}"
EndProject
Global
	GlobalSection(SolutionConfigurationPlatforms) = preSolution
		Debug|Any CPU = Debug|Any CPU
		Release|Any CPU = Release|Any CPU
	EndGlobalSection
	GlobalSection(ProjectConfigurationPlatforms) = postSolution
		{232F3A40-BC53-463E-A5F8-0A6DBE0C350A}.Debug|Any CPU.ActiveCfg = Debug|Any CPU
		{232F3A40-BC53-463E-A5F8-0A6DBE0C350A}.Debug|Any CPU.Build.0 = Debug|Any CPU
		{232F3A40-BC53-463E-A5F8-0A6DBE0C350A}.Release|Any CPU.ActiveCfg = Release|Any CPU
		{232F3A40-BC53-463E-A5F8-0A6DBE0C350A}.Release|Any CPU.Build.0 = Release|Any CPU
		{B50131E0-4249-45FF-9DB4-FFFF49BD7F7E}.Debug|Any CPU.ActiveCfg = Debug|Any CPU
		{B50131E0-4249-45FF-9DB4-FFFF49BD7F7E}.Debug|Any CPU.Build.0 = Debug|Any CPU
		{B50131E0-4249-45FF-9DB4-FFFF49BD7F7E}.Release|Any CPU.ActiveCfg = Release|Any CPU
		{B50131E0-4249-45FF-9DB4-FFFF49BD7F7E}.Release|Any CPU.Build.0 = Release|Any CPU
		{6603BB40-94EB-4AFC-83DE-9EF235F45237}.Debug|Any CPU.ActiveCfg = Debug|Any CPU
		{6603BB40-94EB-4AFC-83DE-9EF235F45237}.Debug|Any CPU.Build.0 = Debug|Any CPU
		{6603BB40-94EB-4AFC-83DE-9EF235F45237}.Release|Any CPU.ActiveCfg = Release|Any CPU
		{6603BB40-94EB-4AFC-83DE-9EF235F45237}.Release|Any CPU.Build.0 = Release|Any CPU
		{AB453E13-5A04-43CF-9737-CACC2395A9F0}.Debug|Any CPU.ActiveCfg = Debug|Any CPU
		{AB453E13-5A04-43CF-9737-CACC2395A9F0}.Debug|Any CPU.Build.0 = Debug|Any CPU
		{AB453E13-5A04-43CF-9737-CACC2395A9F0}.Release|Any CPU.ActiveCfg = Release|Any CPU
		{AB453E13-5A04-43CF-9737-CACC2395A9F0}.Release|Any CPU.Build.0 = Release|Any CPU
		{37F663D9-B38F-4A8D-B0D0-C5A8FD61A0F3}.Debug|Any CPU.ActiveCfg = Debug|Any CPU
		{37F663D9-B38F-4A8D-B0D0-C5A8FD61A0F3}.Debug|Any CPU.Build.0 = Debug|Any CPU
		{37F663D9-B38F-4A8D-B0D0-C5A8FD61A0F3}.Release|Any CPU.ActiveCfg = Release|Any CPU
		{37F663D9-B38F-4A8D-B0D0-C5A8FD61A0F3}.Release|Any CPU.Build.0 = Release|Any CPU
		{A9356854-EE06-4402-985E-289EDD7B0450}.Debug|Any CPU.ActiveCfg = Debug|Any CPU
		{A9356854-EE06-4402-985E-289EDD7B0450}.Debug|Any CPU.Build.0 = Debug|Any CPU
		{A9356854-EE06-4402-985E-289EDD7B0450}.Release|Any CPU.ActiveCfg = Release|Any CPU
		{A9356854-EE06-4402-985E-289EDD7B0450}.Release|Any CPU.Build.0 = Release|Any CPU
		{845EDC79-D3FD-4C1C-A4D2-B7D897B8AD51}.Debug|Any CPU.ActiveCfg = Debug|Any CPU
		{845EDC79-D3FD-4C1C-A4D2-B7D897B8AD51}.Debug|Any CPU.Build.0 = Debug|Any CPU
		{845EDC79-D3FD-4C1C-A4D2-B7D897B8AD51}.Release|Any CPU.ActiveCfg = Release|Any CPU
		{845EDC79-D3FD-4C1C-A4D2-B7D897B8AD51}.Release|Any CPU.Build.0 = Release|Any CPU
	EndGlobalSection
	GlobalSection(SolutionProperties) = preSolution
		HideSolutionNode = FALSE
	EndGlobalSection
	GlobalSection(NestedProjects) = preSolution
		{232F3A40-BC53-463E-A5F8-0A6DBE0C350A} = {23F98030-B6A3-4ADC-B0BE-A3F476C93E92}
		{B50131E0-4249-45FF-9DB4-FFFF49BD7F7E} = {23F98030-B6A3-4ADC-B0BE-A3F476C93E92}
		{845EDC79-D3FD-4C1C-A4D2-B7D897B8AD51} = {23F98030-B6A3-4ADC-B0BE-A3F476C93E92}
	EndGlobalSection
	GlobalSection(ExtensibilityGlobals) = postSolution
		SolutionGuid = {EF09051F-8E93-4054-8F11-1BEA1EDEF1A2}
	EndGlobalSection
EndGlobal
