
Microsoft Visual Studio Solution File, Format Version 12.00
# Visual Studio 15
VisualStudioVersion = 15.0.27703.2018
MinimumVisualStudioVersion = 10.0.40219.1
Project("{9A19103F-16F7-4668-BE54-9A1E7A4F7556}") = "TypeEdgeModule", "TypeEdgeModule\TypeEdgeModule.csproj", "{3C276A53-A172-4349-A005-15E3EAE13D1E}"
EndProject
Project("{9A19103F-16F7-4668-BE54-9A1E7A4F7556}") = "TypeEdgeEmulator", "TypeEdgeEmulator\TypeEdgeEmulator.csproj", "{E8625E47-E37F-49A1-837C-FF5CF3A43CAA}"
EndProject
Project("{FAE04EC0-301F-11D3-BF4B-00C04F79EFBC}") = "TypeEdgeProxy", "TypeEdgeProxy\TypeEdgeProxy.csproj", "{F6758F78-8EBE-43D2-AE77-EE3BD5BD8339}"
EndProject
Project("{9A19103F-16F7-4668-BE54-9A1E7A4F7556}") = "TypeEdgeApplication.Proxy", "TypeEdgeApplication\TypeEdgeApplication.Proxy\TypeEdgeApplication.Proxy.csproj", "{737D1BC4-5A21-4DAE-8F07-4BD2D261E1E2}"
EndProject
Project("{2150E333-8FDC-42A3-9474-1A3956D46DE8}") = "TypeEdgeApplication", "TypeEdgeApplication", "{14A7BA51-F099-4309-B7CD-E89D72B0C62E}"
EndProject
Project("{2150E333-8FDC-42A3-9474-1A3956D46DE8}") = "Modules", "Modules", "{23F98030-B6A3-4ADC-B0BE-A3F476C93E92}"
EndProject
Project("{9A19103F-16F7-4668-BE54-9A1E7A4F7556}") = "TypeEdgeApplication.Emulator", "TypeEdgeApplication\TypeEdgeApplication.Emulator\TypeEdgeApplication.Emulator.csproj", "{6E30CEE3-AA5B-43F0-8B6F-7EBC36661B62}"
EndProject
Project("{9A19103F-16F7-4668-BE54-9A1E7A4F7556}") = "TypeEdgeApplication.TypeEdgeModule1", "TypeEdgeApplication\TypeEdgeApplication.TypeEdgeModule\TypeEdgeApplication.TypeEdgeModule1.csproj", "{0A0609B4-53C9-46C3-A4E2-7F92999852EC}"
EndProject
Project("{9A19103F-16F7-4668-BE54-9A1E7A4F7556}") = "TypeEdgeApplication.Shared", "TypeEdgeApplication\TypeEdgeApplication.Shared\TypeEdgeApplication.Shared.csproj", "{6A399CAA-F836-4876-99E3-21D81034C8AE}"
EndProject
Project("{9A19103F-16F7-4668-BE54-9A1E7A4F7556}") = "TypeEdgeApplication.TypeEdgeModule2", "TypeEdgeApplication\TypeEdgeApplication.TypeEdgeModule2\TypeEdgeApplication.TypeEdgeModule2.csproj", "{8565BBE7-EC39-454A-8F46-C4D78C3F91FD}"
EndProject
Global
	GlobalSection(SolutionConfigurationPlatforms) = preSolution
		Debug|Any CPU = Debug|Any CPU
		Release|Any CPU = Release|Any CPU
	EndGlobalSection
	GlobalSection(ProjectConfigurationPlatforms) = postSolution
		{3C276A53-A172-4349-A005-15E3EAE13D1E}.Debug|Any CPU.ActiveCfg = Debug|Any CPU
		{3C276A53-A172-4349-A005-15E3EAE13D1E}.Debug|Any CPU.Build.0 = Debug|Any CPU
		{3C276A53-A172-4349-A005-15E3EAE13D1E}.Release|Any CPU.ActiveCfg = Release|Any CPU
		{3C276A53-A172-4349-A005-15E3EAE13D1E}.Release|Any CPU.Build.0 = Release|Any CPU
		{E8625E47-E37F-49A1-837C-FF5CF3A43CAA}.Debug|Any CPU.ActiveCfg = Debug|Any CPU
		{E8625E47-E37F-49A1-837C-FF5CF3A43CAA}.Debug|Any CPU.Build.0 = Debug|Any CPU
		{E8625E47-E37F-49A1-837C-FF5CF3A43CAA}.Release|Any CPU.ActiveCfg = Release|Any CPU
		{E8625E47-E37F-49A1-837C-FF5CF3A43CAA}.Release|Any CPU.Build.0 = Release|Any CPU
		{F6758F78-8EBE-43D2-AE77-EE3BD5BD8339}.Debug|Any CPU.ActiveCfg = Debug|Any CPU
		{F6758F78-8EBE-43D2-AE77-EE3BD5BD8339}.Debug|Any CPU.Build.0 = Debug|Any CPU
		{F6758F78-8EBE-43D2-AE77-EE3BD5BD8339}.Release|Any CPU.ActiveCfg = Release|Any CPU
		{F6758F78-8EBE-43D2-AE77-EE3BD5BD8339}.Release|Any CPU.Build.0 = Release|Any CPU
		{737D1BC4-5A21-4DAE-8F07-4BD2D261E1E2}.Debug|Any CPU.ActiveCfg = Debug|Any CPU
		{737D1BC4-5A21-4DAE-8F07-4BD2D261E1E2}.Debug|Any CPU.Build.0 = Debug|Any CPU
		{737D1BC4-5A21-4DAE-8F07-4BD2D261E1E2}.Release|Any CPU.ActiveCfg = Release|Any CPU
		{737D1BC4-5A21-4DAE-8F07-4BD2D261E1E2}.Release|Any CPU.Build.0 = Release|Any CPU
		{6E30CEE3-AA5B-43F0-8B6F-7EBC36661B62}.Debug|Any CPU.ActiveCfg = Debug|Any CPU
		{6E30CEE3-AA5B-43F0-8B6F-7EBC36661B62}.Debug|Any CPU.Build.0 = Debug|Any CPU
		{6E30CEE3-AA5B-43F0-8B6F-7EBC36661B62}.Release|Any CPU.ActiveCfg = Release|Any CPU
		{6E30CEE3-AA5B-43F0-8B6F-7EBC36661B62}.Release|Any CPU.Build.0 = Release|Any CPU
		{0A0609B4-53C9-46C3-A4E2-7F92999852EC}.Debug|Any CPU.ActiveCfg = Debug|Any CPU
		{0A0609B4-53C9-46C3-A4E2-7F92999852EC}.Debug|Any CPU.Build.0 = Debug|Any CPU
		{0A0609B4-53C9-46C3-A4E2-7F92999852EC}.Release|Any CPU.ActiveCfg = Release|Any CPU
		{0A0609B4-53C9-46C3-A4E2-7F92999852EC}.Release|Any CPU.Build.0 = Release|Any CPU
		{6A399CAA-F836-4876-99E3-21D81034C8AE}.Debug|Any CPU.ActiveCfg = Debug|Any CPU
		{6A399CAA-F836-4876-99E3-21D81034C8AE}.Debug|Any CPU.Build.0 = Debug|Any CPU
		{6A399CAA-F836-4876-99E3-21D81034C8AE}.Release|Any CPU.ActiveCfg = Release|Any CPU
		{6A399CAA-F836-4876-99E3-21D81034C8AE}.Release|Any CPU.Build.0 = Release|Any CPU
		{8565BBE7-EC39-454A-8F46-C4D78C3F91FD}.Debug|Any CPU.ActiveCfg = Debug|Any CPU
		{8565BBE7-EC39-454A-8F46-C4D78C3F91FD}.Debug|Any CPU.Build.0 = Debug|Any CPU
		{8565BBE7-EC39-454A-8F46-C4D78C3F91FD}.Release|Any CPU.ActiveCfg = Release|Any CPU
		{8565BBE7-EC39-454A-8F46-C4D78C3F91FD}.Release|Any CPU.Build.0 = Release|Any CPU
	EndGlobalSection
	GlobalSection(SolutionProperties) = preSolution
		HideSolutionNode = FALSE
	EndGlobalSection
	GlobalSection(NestedProjects) = preSolution
		{737D1BC4-5A21-4DAE-8F07-4BD2D261E1E2} = {14A7BA51-F099-4309-B7CD-E89D72B0C62E}
		{23F98030-B6A3-4ADC-B0BE-A3F476C93E92} = {14A7BA51-F099-4309-B7CD-E89D72B0C62E}
		{6E30CEE3-AA5B-43F0-8B6F-7EBC36661B62} = {14A7BA51-F099-4309-B7CD-E89D72B0C62E}
		{0A0609B4-53C9-46C3-A4E2-7F92999852EC} = {23F98030-B6A3-4ADC-B0BE-A3F476C93E92}
		{6A399CAA-F836-4876-99E3-21D81034C8AE} = {14A7BA51-F099-4309-B7CD-E89D72B0C62E}
		{8565BBE7-EC39-454A-8F46-C4D78C3F91FD} = {23F98030-B6A3-4ADC-B0BE-A3F476C93E92}
	EndGlobalSection
	GlobalSection(ExtensibilityGlobals) = postSolution
		SolutionGuid = {EF09051F-8E93-4054-8F11-1BEA1EDEF1A2}
	EndGlobalSection
EndGlobal
